
Microsoft Visual Studio Solution File, Format Version 12.00
# Visual Studio Version 16
VisualStudioVersion = 16.0.31205.134
MinimumVisualStudioVersion = 10.0.40219.1
Project("{9A19103F-16F7-4668-BE54-9A1E7A4F7556}") = "WPFLibTest", "Src\WPFLibTest\WPFLibTest.csproj", "{6FF976DA-73C7-4C1B-8B0C-872F39B32D1E}"
EndProject
Project("{9A19103F-16F7-4668-BE54-9A1E7A4F7556}") = "WPFJoysolaLib", "Src\WPFJoysolaLib\WPFJoysolaLib.csproj", "{3290A2F9-B92E-4FB8-A65D-2E620C2BB5A2}"
EndProject
Global
	GlobalSection(SolutionConfigurationPlatforms) = preSolution
		Debug|Any CPU = Debug|Any CPU
		Release|Any CPU = Release|Any CPU
	EndGlobalSection
	GlobalSection(ProjectConfigurationPlatforms) = postSolution
		{6FF976DA-73C7-4C1B-8B0C-872F39B32D1E}.Debug|Any CPU.ActiveCfg = Debug|Any CPU
		{6FF976DA-73C7-4C1B-8B0C-872F39B32D1E}.Debug|Any CPU.Build.0 = Debug|Any CPU
		{6FF976DA-73C7-4C1B-8B0C-872F39B32D1E}.Release|Any CPU.ActiveCfg = Release|Any CPU
		{6FF976DA-73C7-4C1B-8B0C-872F39B32D1E}.Release|Any CPU.Build.0 = Release|Any CPU
		{3290A2F9-B92E-4FB8-A65D-2E620C2BB5A2}.Debug|Any CPU.ActiveCfg = Debug|Any CPU
		{3290A2F9-B92E-4FB8-A65D-2E620C2BB5A2}.Debug|Any CPU.Build.0 = Debug|Any CPU
		{3290A2F9-B92E-4FB8-A65D-2E620C2BB5A2}.Release|Any CPU.ActiveCfg = Release|Any CPU
		{3290A2F9-B92E-4FB8-A65D-2E620C2BB5A2}.Release|Any CPU.Build.0 = Release|Any CPU
	EndGlobalSection
	GlobalSection(SolutionProperties) = preSolution
		HideSolutionNode = FALSE
	EndGlobalSection
	GlobalSection(ExtensibilityGlobals) = postSolution
		SolutionGuid = {A0449632-61F7-422A-A408-F1D6B266FBDA}
	EndGlobalSection
EndGlobal
